// !$*UTF8*$!
{
	archiveVersion = 1;
	classes = {
	};
	objectVersion = 46;
	objects = {

/* Begin PBXBuildFile section */
		9EBE6D6E1B672AEF00E2E6A2 /* AppDelegate.swift in Sources */ = {isa = PBXBuildFile; fileRef = 9EBE6D6D1B672AEF00E2E6A2 /* AppDelegate.swift */; };
		9EBE6D701B672AEF00E2E6A2 /* ViewController.swift in Sources */ = {isa = PBXBuildFile; fileRef = 9EBE6D6F1B672AEF00E2E6A2 /* ViewController.swift */; };
		9EBE6D731B672AEF00E2E6A2 /* Main.storyboard in Resources */ = {isa = PBXBuildFile; fileRef = 9EBE6D711B672AEF00E2E6A2 /* Main.storyboard */; };
		9EBE6D751B672AEF00E2E6A2 /* Images.xcassets in Resources */ = {isa = PBXBuildFile; fileRef = 9EBE6D741B672AEF00E2E6A2 /* Images.xcassets */; };
		9EBE6D781B672AEF00E2E6A2 /* LaunchScreen.xib in Resources */ = {isa = PBXBuildFile; fileRef = 9EBE6D761B672AEF00E2E6A2 /* LaunchScreen.xib */; };
		9EBE6D841B672AEF00E2E6A2 /* WarTests.swift in Sources */ = {isa = PBXBuildFile; fileRef = 9EBE6D831B672AEF00E2E6A2 /* WarTests.swift */; };
/* End PBXBuildFile section */

/* Begin PBXContainerItemProxy section */
		9EBE6D7E1B672AEF00E2E6A2 /* PBXContainerItemProxy */ = {
			isa = PBXContainerItemProxy;
			containerPortal = 9EBE6D601B672AEF00E2E6A2 /* Project object */;
			proxyType = 1;
			remoteGlobalIDString = 9EBE6D671B672AEF00E2E6A2;
			remoteInfo = War;
		};
/* End PBXContainerItemProxy section */

/* Begin PBXFileReference section */
		9EBE6D681B672AEF00E2E6A2 /* War.app */ = {isa = PBXFileReference; explicitFileType = wrapper.application; includeInIndex = 0; path = War.app; sourceTree = BUILT_PRODUCTS_DIR; };
		9EBE6D6C1B672AEF00E2E6A2 /* Info.plist */ = {isa = PBXFileReference; lastKnownFileType = text.plist.xml; path = Info.plist; sourceTree = "<group>"; };
		9EBE6D6D1B672AEF00E2E6A2 /* AppDelegate.swift */ = {isa = PBXFileReference; lastKnownFileType = sourcecode.swift; path = AppDelegate.swift; sourceTree = "<group>"; };
		9EBE6D6F1B672AEF00E2E6A2 /* ViewController.swift */ = {isa = PBXFileReference; lastKnownFileType = sourcecode.swift; path = ViewController.swift; sourceTree = "<group>"; };
		9EBE6D721B672AEF00E2E6A2 /* Base */ = {isa = PBXFileReference; lastKnownFileType = file.storyboard; name = Base; path = Base.lproj/Main.storyboard; sourceTree = "<group>"; };
		9EBE6D741B672AEF00E2E6A2 /* Images.xcassets */ = {isa = PBXFileReference; lastKnownFileType = folder.assetcatalog; path = Images.xcassets; sourceTree = "<group>"; };
		9EBE6D771B672AEF00E2E6A2 /* Base */ = {isa = PBXFileReference; lastKnownFileType = file.xib; name = Base; path = Base.lproj/LaunchScreen.xib; sourceTree = "<group>"; };
		9EBE6D7D1B672AEF00E2E6A2 /* WarTests.xctest */ = {isa = PBXFileReference; explicitFileType = wrapper.cfbundle; includeInIndex = 0; path = WarTests.xctest; sourceTree = BUILT_PRODUCTS_DIR; };
		9EBE6D821B672AEF00E2E6A2 /* Info.plist */ = {isa = PBXFileReference; lastKnownFileType = text.plist.xml; path = Info.plist; sourceTree = "<group>"; };
		9EBE6D831B672AEF00E2E6A2 /* WarTests.swift */ = {isa = PBXFileReference; lastKnownFileType = sourcecode.swift; path = WarTests.swift; sourceTree = "<group>"; };
/* End PBXFileReference section */

/* Begin PBXFrameworksBuildPhase section */
		9EBE6D651B672AEF00E2E6A2 /* Frameworks */ = {
			isa = PBXFrameworksBuildPhase;
			buildActionMask = 2147483647;
			files = (
			);
			runOnlyForDeploymentPostprocessing = 0;
		};
		9EBE6D7A1B672AEF00E2E6A2 /* Frameworks */ = {
			isa = PBXFrameworksBuildPhase;
			buildActionMask = 2147483647;
			files = (
			);
			runOnlyForDeploymentPostprocessing = 0;
		};
/* End PBXFrameworksBuildPhase section */

/* Begin PBXGroup section */
		9EBE6D5F1B672AEF00E2E6A2 = {
			isa = PBXGroup;
			children = (
				9EBE6D6A1B672AEF00E2E6A2 /* War */,
				9EBE6D801B672AEF00E2E6A2 /* WarTests */,
				9EBE6D691B672AEF00E2E6A2 /* Products */,
			);
			sourceTree = "<group>";
		};
		9EBE6D691B672AEF00E2E6A2 /* Products */ = {
			isa = PBXGroup;
			children = (
				9EBE6D681B672AEF00E2E6A2 /* War.app */,
				9EBE6D7D1B672AEF00E2E6A2 /* WarTests.xctest */,
			);
			name = Products;
			sourceTree = "<group>";
		};
		9EBE6D6A1B672AEF00E2E6A2 /* War */ = {
			isa = PBXGroup;
			children = (
				9EBE6D6D1B672AEF00E2E6A2 /* AppDelegate.swift */,
				9EBE6D6F1B672AEF00E2E6A2 /* ViewController.swift */,
				9EBE6D711B672AEF00E2E6A2 /* Main.storyboard */,
				9EBE6D741B672AEF00E2E6A2 /* Images.xcassets */,
				9EBE6D761B672AEF00E2E6A2 /* LaunchScreen.xib */,
				9EBE6D6B1B672AEF00E2E6A2 /* Supporting Files */,
			);
			path = War;
			sourceTree = "<group>";
		};
		9EBE6D6B1B672AEF00E2E6A2 /* Supporting Files */ = {
			isa = PBXGroup;
			children = (
				9EBE6D6C1B672AEF00E2E6A2 /* Info.plist */,
			);
			name = "Supporting Files";
			sourceTree = "<group>";
		};
		9EBE6D801B672AEF00E2E6A2 /* WarTests */ = {
			isa = PBXGroup;
			children = (
				9EBE6D831B672AEF00E2E6A2 /* WarTests.swift */,
				9EBE6D811B672AEF00E2E6A2 /* Supporting Files */,
			);
			path = WarTests;
			sourceTree = "<group>";
		};
		9EBE6D811B672AEF00E2E6A2 /* Supporting Files */ = {
			isa = PBXGroup;
			children = (
				9EBE6D821B672AEF00E2E6A2 /* Info.plist */,
			);
			name = "Supporting Files";
			sourceTree = "<group>";
		};
/* End PBXGroup section */

/* Begin PBXNativeTarget section */
		9EBE6D671B672AEF00E2E6A2 /* War */ = {
			isa = PBXNativeTarget;
			buildConfigurationList = 9EBE6D871B672AEF00E2E6A2 /* Build configuration list for PBXNativeTarget "War" */;
			buildPhases = (
				9EBE6D641B672AEF00E2E6A2 /* Sources */,
				9EBE6D651B672AEF00E2E6A2 /* Frameworks */,
				9EBE6D661B672AEF00E2E6A2 /* Resources */,
			);
			buildRules = (
			);
			dependencies = (
			);
			name = War;
			productName = War;
			productReference = 9EBE6D681B672AEF00E2E6A2 /* War.app */;
			productType = "com.apple.product-type.application";
		};
		9EBE6D7C1B672AEF00E2E6A2 /* WarTests */ = {
			isa = PBXNativeTarget;
			buildConfigurationList = 9EBE6D8A1B672AEF00E2E6A2 /* Build configuration list for PBXNativeTarget "WarTests" */;
			buildPhases = (
				9EBE6D791B672AEF00E2E6A2 /* Sources */,
				9EBE6D7A1B672AEF00E2E6A2 /* Frameworks */,
				9EBE6D7B1B672AEF00E2E6A2 /* Resources */,
			);
			buildRules = (
			);
			dependencies = (
				9EBE6D7F1B672AEF00E2E6A2 /* PBXTargetDependency */,
			);
			name = WarTests;
			productName = WarTests;
			productReference = 9EBE6D7D1B672AEF00E2E6A2 /* WarTests.xctest */;
			productType = "com.apple.product-type.bundle.unit-test";
		};
/* End PBXNativeTarget section */

/* Begin PBXProject section */
		9EBE6D601B672AEF00E2E6A2 /* Project object */ = {
			isa = PBXProject;
			attributes = {
				LastUpgradeCheck = 0640;
				ORGANIZATIONNAME = "Regina Casanova";
				TargetAttributes = {
					9EBE6D671B672AEF00E2E6A2 = {
						CreatedOnToolsVersion = 6.4;
					};
					9EBE6D7C1B672AEF00E2E6A2 = {
						CreatedOnToolsVersion = 6.4;
						TestTargetID = 9EBE6D671B672AEF00E2E6A2;
					};
				};
			};
			buildConfigurationList = 9EBE6D631B672AEF00E2E6A2 /* Build configuration list for PBXProject "War" */;
			compatibilityVersion = "Xcode 3.2";
			developmentRegion = English;
			hasScannedForEncodings = 0;
			knownRegions = (
				en,
				Base,
			);
			mainGroup = 9EBE6D5F1B672AEF00E2E6A2;
			productRefGroup = 9EBE6D691B672AEF00E2E6A2 /* Products */;
			projectDirPath = "";
			projectRoot = "";
			targets = (
				9EBE6D671B672AEF00E2E6A2 /* War */,
				9EBE6D7C1B672AEF00E2E6A2 /* WarTests */,
			);
		};
/* End PBXProject section */

/* Begin PBXResourcesBuildPhase section */
		9EBE6D661B672AEF00E2E6A2 /* Resources */ = {
			isa = PBXResourcesBuildPhase;
			buildActionMask = 2147483647;
			files = (
				9EBE6D731B672AEF00E2E6A2 /* Main.storyboard in Resources */,
				9EBE6D781B672AEF00E2E6A2 /* LaunchScreen.xib in Resources */,
				9EBE6D751B672AEF00E2E6A2 /* Images.xcassets in Resources */,
			);
			runOnlyForDeploymentPostprocessing = 0;
		};
		9EBE6D7B1B672AEF00E2E6A2 /* Resources */ = {
			isa = PBXResourcesBuildPhase;
			buildActionMask = 2147483647;
			files = (
			);
			runOnlyForDeploymentPostprocessing = 0;
		};
/* End PBXResourcesBuildPhase section */

/* Begin PBXSourcesBuildPhase section */
		9EBE6D641B672AEF00E2E6A2 /* Sources */ = {
			isa = PBXSourcesBuildPhase;
			buildActionMask = 2147483647;
			files = (
				9EBE6D701B672AEF00E2E6A2 /* ViewController.swift in Sources */,
				9EBE6D6E1B672AEF00E2E6A2 /* AppDelegate.swift in Sources */,
			);
			runOnlyForDeploymentPostprocessing = 0;
		};
		9EBE6D791B672AEF00E2E6A2 /* Sources */ = {
			isa = PBXSourcesBuildPhase;
			buildActionMask = 2147483647;
			files = (
				9EBE6D841B672AEF00E2E6A2 /* WarTests.swift in Sources */,
			);
			runOnlyForDeploymentPostprocessing = 0;
		};
/* End PBXSourcesBuildPhase section */

/* Begin PBXTargetDependency section */
		9EBE6D7F1B672AEF00E2E6A2 /* PBXTargetDependency */ = {
			isa = PBXTargetDependency;
			target = 9EBE6D671B672AEF00E2E6A2 /* War */;
			targetProxy = 9EBE6D7E1B672AEF00E2E6A2 /* PBXContainerItemProxy */;
		};
/* End PBXTargetDependency section */

/* Begin PBXVariantGroup section */
		9EBE6D711B672AEF00E2E6A2 /* Main.storyboard */ = {
			isa = PBXVariantGroup;
			children = (
				9EBE6D721B672AEF00E2E6A2 /* Base */,
			);
			name = Main.storyboard;
			sourceTree = "<group>";
		};
		9EBE6D761B672AEF00E2E6A2 /* LaunchScreen.xib */ = {
			isa = PBXVariantGroup;
			children = (
				9EBE6D771B672AEF00E2E6A2 /* Base */,
			);
			name = LaunchScreen.xib;
			sourceTree = "<group>";
		};
/* End PBXVariantGroup section */

/* Begin XCBuildConfiguration section */
		9EBE6D851B672AEF00E2E6A2 /* Debug */ = {
			isa = XCBuildConfiguration;
			buildSettings = {
				ALWAYS_SEARCH_USER_PATHS = NO;
				CLANG_CXX_LANGUAGE_STANDARD = "gnu++0x";
				CLANG_CXX_LIBRARY = "libc++";
				CLANG_ENABLE_MODULES = YES;
				CLANG_ENABLE_OBJC_ARC = YES;
				CLANG_WARN_BOOL_CONVERSION = YES;
				CLANG_WARN_CONSTANT_CONVERSION = YES;
				CLANG_WARN_DIRECT_OBJC_ISA_USAGE = YES_ERROR;
				CLANG_WARN_EMPTY_BODY = YES;
				CLANG_WARN_ENUM_CONVERSION = YES;
				CLANG_WARN_INT_CONVERSION = YES;
				CLANG_WARN_OBJC_ROOT_CLASS = YES_ERROR;
				CLANG_WARN_UNREACHABLE_CODE = YES;
				CLANG_WARN__DUPLICATE_METHOD_MATCH = YES;
				"CODE_SIGN_IDENTITY[sdk=iphoneos*]" = "iPhone Developer";
				COPY_PHASE_STRIP = NO;
				DEBUG_INFORMATION_FORMAT = "dwarf-with-dsym";
				ENABLE_STRICT_OBJC_MSGSEND = YES;
				GCC_C_LANGUAGE_STANDARD = gnu99;
				GCC_DYNAMIC_NO_PIC = NO;
				GCC_NO_COMMON_BLOCKS = YES;
				GCC_OPTIMIZATION_LEVEL = 0;
				GCC_PREPROCESSOR_DEFINITIONS = (
					"DEBUG=1",
					"$(inherited)",
				);
				GCC_SYMBOLS_PRIVATE_EXTERN = NO;
				GCC_WARN_64_TO_32_BIT_CONVERSION = YES;
				GCC_WARN_ABOUT_RETURN_TYPE = YES_ERROR;
				GCC_WARN_UNDECLARED_SELECTOR = YES;
				GCC_WARN_UNINITIALIZED_AUTOS = YES_AGGRESSIVE;
				GCC_WARN_UNUSED_FUNCTION = YES;
				GCC_WARN_UNUSED_VARIABLE = YES;
				IPHONEOS_DEPLOYMENT_TARGET = 8.4;
				MTL_ENABLE_DEBUG_INFO = YES;
				ONLY_ACTIVE_ARCH = YES;
				SDKROOT = iphoneos;
				SWIFT_OPTIMIZATION_LEVEL = "-Onone";
			};
			name = Debug;
		};
		9EBE6D861B672AEF00E2E6A2 /* Release */ = {
			isa = XCBuildConfiguration;
			buildSettings = {
				ALWAYS_SEARCH_USER_PATHS = NO;
				CLANG_CXX_LANGUAGE_STANDARD = "gnu++0x";
				CLANG_CXX_LIBRARY = "libc++";
				CLANG_ENABLE_MODULES = YES;
				CLANG_ENABLE_OBJC_ARC = YES;
				CLANG_WARN_BOOL_CONVERSION = YES;
				CLANG_WARN_CONSTANT_CONVERSION = YES;
				CLANG_WARN_DIRECT_OBJC_ISA_USAGE = YES_ERROR;
				CLANG_WARN_EMPTY_BODY = YES;
				CLANG_WARN_ENUM_CONVERSION = YES;
				CLANG_WARN_INT_CONVERSION = YES;
				CLANG_WARN_OBJC_ROOT_CLASS = YES_ERROR;
				CLANG_WARN_UNREACHABLE_CODE = YES;
				CLANG_WARN__DUPLICATE_METHOD_MATCH = YES;
				"CODE_SIGN_IDENTITY[sdk=iphoneos*]" = "iPhone Developer";
				COPY_PHASE_STRIP = NO;
				DEBUG_INFORMATION_FORMAT = "dwarf-with-dsym";
				ENABLE_NS_ASSERTIONS = NO;
				ENABLE_STRICT_OBJC_MSGSEND = YES;
				GCC_C_LANGUAGE_STANDARD = gnu99;
				GCC_NO_COMMON_BLOCKS = YES;
				GCC_WARN_64_TO_32_BIT_CONVERSION = YES;
				GCC_WARN_ABOUT_RETURN_TYPE = YES_ERROR;
				GCC_WARN_UNDECLARED_SELECTOR = YES;
				GCC_WARN_UNINITIALIZED_AUTOS = YES_AGGRESSIVE;
				GCC_WARN_UNUSED_FUNCTION = YES;
				GCC_WARN_UNUSED_VARIABLE = YES;
				IPHONEOS_DEPLOYMENT_TARGET = 8.4;
				MTL_ENABLE_DEBUG_INFO = NO;
				SDKROOT = iphoneos;
				VALIDATE_PRODUCT = YES;
			};
			name = Release;
		};
		9EBE6D881B672AEF00E2E6A2 /* Debug */ = {
			isa = XCBuildConfiguration;
			buildSettings = {
				ASSETCATALOG_COMPILER_APPICON_NAME = AppIcon;
				INFOPLIST_FILE = War/Info.plist;
				LD_RUNPATH_SEARCH_PATHS = "$(inherited) @executable_path/Frameworks";
				PRODUCT_NAME = "$(TARGET_NAME)";
			};
			name = Debug;
		};
		9EBE6D891B672AEF00E2E6A2 /* Release */ = {
			isa = XCBuildConfiguration;
			buildSettings = {
				ASSETCATALOG_COMPILER_APPICON_NAME = AppIcon;
				INFOPLIST_FILE = War/Info.plist;
				LD_RUNPATH_SEARCH_PATHS = "$(inherited) @executable_path/Frameworks";
				PRODUCT_NAME = "$(TARGET_NAME)";
			};
			name = Release;
		};
		9EBE6D8B1B672AEF00E2E6A2 /* Debug */ = {
			isa = XCBuildConfiguration;
			buildSettings = {
				BUNDLE_LOADER = "$(TEST_HOST)";
				FRAMEWORK_SEARCH_PATHS = (
					"$(SDKROOT)/Developer/Library/Frameworks",
					"$(inherited)",
				);
				GCC_PREPROCESSOR_DEFINITIONS = (
					"DEBUG=1",
					"$(inherited)",
				);
				INFOPLIST_FILE = WarTests/Info.plist;
				LD_RUNPATH_SEARCH_PATHS = "$(inherited) @executable_path/Frameworks @loader_path/Frameworks";
				PRODUCT_NAME = "$(TARGET_NAME)";
				TEST_HOST = "$(BUILT_PRODUCTS_DIR)/War.app/War";
			};
			name = Debug;
		};
		9EBE6D8C1B672AEF00E2E6A2 /* Release */ = {
			isa = XCBuildConfiguration;
			buildSettings = {
				BUNDLE_LOADER = "$(TEST_HOST)";
				FRAMEWORK_SEARCH_PATHS = (
					"$(SDKROOT)/Developer/Library/Frameworks",
					"$(inherited)",
				);
				INFOPLIST_FILE = WarTests/Info.plist;
				LD_RUNPATH_SEARCH_PATHS = "$(inherited) @executable_path/Frameworks @loader_path/Frameworks";
				PRODUCT_NAME = "$(TARGET_NAME)";
				TEST_HOST = "$(BUILT_PRODUCTS_DIR)/War.app/War";
			};
			name = Release;
		};
/* End XCBuildConfiguration section */

/* Begin XCConfigurationList section */
		9EBE6D631B672AEF00E2E6A2 /* Build configuration list for PBXProject "War" */ = {
			isa = XCConfigurationList;
			buildConfigurations = (
				9EBE6D851B672AEF00E2E6A2 /* Debug */,
				9EBE6D861B672AEF00E2E6A2 /* Release */,
			);
			defaultConfigurationIsVisible = 0;
			defaultConfigurationName = Release;
		};
		9EBE6D871B672AEF00E2E6A2 /* Build configuration list for PBXNativeTarget "War" */ = {
			isa = XCConfigurationList;
			buildConfigurations = (
				9EBE6D881B672AEF00E2E6A2 /* Debug */,
				9EBE6D891B672AEF00E2E6A2 /* Release */,
			);
			defaultConfigurationIsVisible = 0;
		};
		9EBE6D8A1B672AEF00E2E6A2 /* Build configuration list for PBXNativeTarget "WarTests" */ = {
			isa = XCConfigurationList;
			buildConfigurations = (
				9EBE6D8B1B672AEF00E2E6A2 /* Debug */,
				9EBE6D8C1B672AEF00E2E6A2 /* Release */,
			);
			defaultConfigurationIsVisible = 0;
		};
/* End XCConfigurationList section */
	};
	rootObject = 9EBE6D601B672AEF00E2E6A2 /* Project object */;
}
